
Microsoft Visual Studio Solution File, Format Version 12.00
# Visual Studio Version 16
VisualStudioVersion = 16.0.31605.320
MinimumVisualStudioVersion = 10.0.40219.1
Project("{9A19103F-16F7-4668-BE54-9A1E7A4F7556}") = "LotAPI", "LotAPI\LotAPI.csproj", "{FEEE7EF5-997F-48AD-A439-151CD09D5483}"
EndProject
Global
	GlobalSection(SolutionConfigurationPlatforms) = preSolution
		Debug|Any CPU = Debug|Any CPU
		Release|Any CPU = Release|Any CPU
	EndGlobalSection
	GlobalSection(ProjectConfigurationPlatforms) = postSolution
		{FEEE7EF5-997F-48AD-A439-151CD09D5483}.Debug|Any CPU.ActiveCfg = Debug|Any CPU
		{FEEE7EF5-997F-48AD-A439-151CD09D5483}.Debug|Any CPU.Build.0 = Debug|Any CPU
		{FEEE7EF5-997F-48AD-A439-151CD09D5483}.Release|Any CPU.ActiveCfg = Release|Any CPU
		{FEEE7EF5-997F-48AD-A439-151CD09D5483}.Release|Any CPU.Build.0 = Release|Any CPU
	EndGlobalSection
	GlobalSection(SolutionProperties) = preSolution
		HideSolutionNode = FALSE
	EndGlobalSection
	GlobalSection(ExtensibilityGlobals) = postSolution
		SolutionGuid = {18963171-92E6-4701-AA5A-4D42211F80F1}
	EndGlobalSection
EndGlobal
